
Microsoft Visual Studio Solution File, Format Version 12.00
# Visual Studio Version 17
VisualStudioVersion = 17.9.34902.65
MinimumVisualStudioVersion = 10.0.40219.1
Project("{FAE04EC0-301F-11D3-BF4B-00C04F79EFBC}") = "Firma", "Firma\Firma.csproj", "{C1B7D477-578D-4181-A3F8-C4976C06997D}"
EndProject
Global
	GlobalSection(SolutionConfigurationPlatforms) = preSolution
		Debug|Any CPU = Debug|Any CPU
		Release|Any CPU = Release|Any CPU
	EndGlobalSection
	GlobalSection(ProjectConfigurationPlatforms) = postSolution
		{C1B7D477-578D-4181-A3F8-C4976C06997D}.Debug|Any CPU.ActiveCfg = Debug|Any CPU
		{C1B7D477-578D-4181-A3F8-C4976C06997D}.Debug|Any CPU.Build.0 = Debug|Any CPU
		{C1B7D477-578D-4181-A3F8-C4976C06997D}.Release|Any CPU.ActiveCfg = Release|Any CPU
		{C1B7D477-578D-4181-A3F8-C4976C06997D}.Release|Any CPU.Build.0 = Release|Any CPU
	EndGlobalSection
	GlobalSection(SolutionProperties) = preSolution
		HideSolutionNode = FALSE
	EndGlobalSection
	GlobalSection(ExtensibilityGlobals) = postSolution
		SolutionGuid = {9B1A836B-EA6E-44D7-9800-09299257D064}
	EndGlobalSection
EndGlobal
